Microsoft Visual Studio Solution File, Format Version 12.00
# Visual Studio Version 17
VisualStudioVersion = 17.10.35201.131
MinimumVisualStudioVersion = 10.0.40219.1
Project("{6EC3EE1D-3C4E-46DD-8F32-0CC8E7565705}") = "GWallet.Backend", "src\GWallet.Backend\GWallet.Backend.fsproj", "{96F9B3E5-11F8-4F5F-AADC-51D0D995B3D2}"
EndProject
Project("{6EC3EE1D-3C4E-46DD-8F32-0CC8E7565705}") = "GWallet.Backend.Tests", "src\GWallet.Backend.Tests\GWallet.Backend.Tests.fsproj", "{F9448076-88BE-4045-8704-A652D133E036}"
EndProject
Project("{6EC3EE1D-3C4E-46DD-8F32-0CC8E7565705}") = "GWallet.Frontend.Console", "src\GWallet.Frontend.Console\GWallet.Frontend.Console.fsproj", "{8413EEF5-69F5-499F-AE01-754E9541EF90}"
EndProject
Project("{2150E333-8FDC-42A3-9474-1A3956D46DE8}") = "build", "build", "{9DFD61F8-2CED-47F1-BB3A-48A383D4751D}"
	ProjectSection(SolutionItems) = preProject
		scripts\bump.fsx = scripts\bump.fsx
		scripts\configure.fsx = scripts\configure.fsx
		configure.sh = configure.sh
		scripts\find.fsx = scripts\find.fsx
		scripts\fsxHelper.fs = scripts\fsxHelper.fs
		scripts\githubActions.fs = scripts\githubActions.fs
		scripts\make.fsx = scripts\make.fsx
		scripts\make.sh = scripts\make.sh
		Makefile = Makefile
		scripts\sanitycheck.fsx = scripts\sanitycheck.fsx
		scripts\snap_release.fsx = scripts\snap_release.fsx
	EndProjectSection
EndProject
Project("{F2A71F9B-5D33-465A-A702-920D77279786}") = "GWallet.Frontend.XF.Mac", "src\GWallet.Frontend.XF.Mac\GWallet.Frontend.XF.Mac.fsproj", "{9E020D62-9160-49AC-A9CD-476CADAE0B87}"
EndProject
Project("{FAE04EC0-301F-11D3-BF4B-00C04F79EFBC}") = "GWallet.Frontend.XF.UWP", "src\GWallet.Frontend.XF.UWP\GWallet.Frontend.XF.UWP.csproj", "{DD7B4A7D-02E7-4DF7-9894-25743BDEC0C0}"
EndProject
Project("{2150E333-8FDC-42A3-9474-1A3956D46DE8}") = "docs", "docs", "{C90A30F5-1423-44B2-A8D4-ED5FEDD4E36F}"
	ProjectSection(SolutionItems) = preProject
		CONTRIBUTING.md = CONTRIBUTING.md
		ReadMe.md = ReadMe.md
	EndProjectSection
EndProject
Project("{F2A71F9B-5D33-465A-A702-920D77279786}") = "GWallet.Frontend.XF.Gtk", "src\GWallet.Frontend.XF.Gtk\GWallet.Frontend.XF.Gtk.fsproj", "{578E4F5E-A33D-4C04-BD6C-22B48B789F36}"
EndProject
Project("{F2A71F9B-5D33-465A-A702-920D77279786}") = "GWallet.Frontend.XF.Android", "src\GWallet.Frontend.XF.Android\GWallet.Frontend.XF.Android.fsproj", "{24B7E0C6-9113-4430-8614-6E3AED7FE0C0}"
EndProject
Project("{6EC3EE1D-3C4E-46DD-8F32-0CC8E7565705}") = "GWallet.Frontend.XF", "src\GWallet.Frontend.XF\GWallet.Frontend.XF.fsproj", "{85236682-6463-4209-B66C-E0643EF12B46}"
EndProject
Project("{F2A71F9B-5D33-465A-A702-920D77279786}") = "GWallet.Frontend.XF.iOS", "src\GWallet.Frontend.XF.iOS\GWallet.Frontend.XF.iOS.fsproj", "{5DD656CE-3319-46BB-B47F-BBED8CC722FD}"
EndProject
Project("{2150E333-8FDC-42A3-9474-1A3956D46DE8}") = "Fsdk", "Fsdk", "{6EE07541-91A1-42C2-A21F-2809BBDC2F50}"
	ProjectSection(SolutionItems) = preProject
		scripts\fsx\Fsdk\Git.fs = scripts\fsx\Fsdk\Git.fs
		scripts\fsx\Fsdk\Misc.fs = scripts\fsx\Fsdk\Misc.fs
		scripts\fsx\Fsdk\Network.fs = scripts\fsx\Fsdk\Network.fs
		scripts\fsx\Fsdk\Process.fs = scripts\fsx\Fsdk\Process.fs
		scripts\fsx\Fsdk\Unix.fs = scripts\fsx\Fsdk\Unix.fs
	EndProjectSection
EndProject
Project("{6EC3EE1D-3C4E-46DD-8F32-0CC8E7565705}") = "GWallet.Frontend.ConsoleApp", "src\GWallet.Frontend.ConsoleApp\GWallet.Frontend.ConsoleApp.fsproj", "{EFACE810-A402-4673-B8B5-4517E698EACE}"
EndProject
Project("{F2A71F9B-5D33-465A-A702-920D77279786}") = "ElectrumProxy", "ElectrumProxy\ElectrumProxy.fsproj", "{2CE9C122-CB05-4143-9070-78968074E6CC}"
EndProject
Global
	GlobalSection(SolutionConfigurationPlatforms) = preSolution
		Debug|Any CPU = Debug|Any CPU
		Debug|ARM = Debug|ARM
		Debug|iPhone = Debug|iPhone
		Debug|iPhoneSimulator = Debug|iPhoneSimulator
		Debug|x64 = Debug|x64
		Debug|x86 = Debug|x86
		Release|Any CPU = Release|Any CPU
		Release|ARM = Release|ARM
		Release|iPhone = Release|iPhone
		Release|iPhoneSimulator = Release|iPhoneSimulator
		Release|x64 = Release|x64
		Release|x86 = Release|x86
	EndGlobalSection
	GlobalSection(ProjectConfigurationPlatforms) = postSolution
		{96F9B3E5-11F8-4F5F-AADC-51D0D995B3D2}.Debug|Any CPU.ActiveCfg = Debug|Any CPU
		{96F9B3E5-11F8-4F5F-AADC-51D0D995B3D2}.Debug|Any CPU.Build.0 = Debug|Any CPU
		{96F9B3E5-11F8-4F5F-AADC-51D0D995B3D2}.Debug|ARM.ActiveCfg = Debug|Any CPU
		{96F9B3E5-11F8-4F5F-AADC-51D0D995B3D2}.Debug|ARM.Build.0 = Debug|Any CPU
		{96F9B3E5-11F8-4F5F-AADC-51D0D995B3D2}.Debug|iPhone.ActiveCfg = Debug|Any CPU
		{96F9B3E5-11F8-4F5F-AADC-51D0D995B3D2}.Debug|iPhone.Build.0 = Debug|Any CPU
		{96F9B3E5-11F8-4F5F-AADC-51D0D995B3D2}.Debug|iPhoneSimulator.ActiveCfg = Debug|Any CPU
		{96F9B3E5-11F8-4F5F-AADC-51D0D995B3D2}.Debug|iPhoneSimulator.Build.0 = Debug|Any CPU
		{96F9B3E5-11F8-4F5F-AADC-51D0D995B3D2}.Debug|x64.ActiveCfg = Debug|Any CPU
		{96F9B3E5-11F8-4F5F-AADC-51D0D995B3D2}.Debug|x64.Build.0 = Debug|Any CPU
		{96F9B3E5-11F8-4F5F-AADC-51D0D995B3D2}.Debug|x86.ActiveCfg = Debug|Any CPU
		{96F9B3E5-11F8-4F5F-AADC-51D0D995B3D2}.Debug|x86.Build.0 = Debug|Any CPU
		{96F9B3E5-11F8-4F5F-AADC-51D0D995B3D2}.Release|Any CPU.ActiveCfg = Release|Any CPU
		{96F9B3E5-11F8-4F5F-AADC-51D0D995B3D2}.Release|Any CPU.Build.0 = Release|Any CPU
		{96F9B3E5-11F8-4F5F-AADC-51D0D995B3D2}.Release|ARM.ActiveCfg = Release|Any CPU
		{96F9B3E5-11F8-4F5F-AADC-51D0D995B3D2}.Release|ARM.Build.0 = Release|Any CPU
		{96F9B3E5-11F8-4F5F-AADC-51D0D995B3D2}.Release|iPhone.ActiveCfg = Release|Any CPU
		{96F9B3E5-11F8-4F5F-AADC-51D0D995B3D2}.Release|iPhone.Build.0 = Release|Any CPU
		{96F9B3E5-11F8-4F5F-AADC-51D0D995B3D2}.Release|iPhoneSimulator.ActiveCfg = Release|Any CPU
		{96F9B3E5-11F8-4F5F-AADC-51D0D995B3D2}.Release|iPhoneSimulator.Build.0 = Release|Any CPU
		{96F9B3E5-11F8-4F5F-AADC-51D0D995B3D2}.Release|x64.ActiveCfg = Release|Any CPU
		{96F9B3E5-11F8-4F5F-AADC-51D0D995B3D2}.Release|x64.Build.0 = Release|Any CPU
		{96F9B3E5-11F8-4F5F-AADC-51D0D995B3D2}.Release|x86.ActiveCfg = Release|Any CPU
		{96F9B3E5-11F8-4F5F-AADC-51D0D995B3D2}.Release|x86.Build.0 = Release|Any CPU
		{F9448076-88BE-4045-8704-A652D133E036}.Debug|Any CPU.ActiveCfg = Debug|Any CPU
		{F9448076-88BE-4045-8704-A652D133E036}.Debug|Any CPU.Build.0 = Debug|Any CPU
		{F9448076-88BE-4045-8704-A652D133E036}.Debug|ARM.ActiveCfg = Debug|Any CPU
		{F9448076-88BE-4045-8704-A652D133E036}.Debug|ARM.Build.0 = Debug|Any CPU
		{F9448076-88BE-4045-8704-A652D133E036}.Debug|iPhone.ActiveCfg = Debug|Any CPU
		{F9448076-88BE-4045-8704-A652D133E036}.Debug|iPhone.Build.0 = Debug|Any CPU
		{F9448076-88BE-4045-8704-A652D133E036}.Debug|iPhoneSimulator.ActiveCfg = Debug|Any CPU
		{F9448076-88BE-4045-8704-A652D133E036}.Debug|iPhoneSimulator.Build.0 = Debug|Any CPU
		{F9448076-88BE-4045-8704-A652D133E036}.Debug|x64.ActiveCfg = Debug|Any CPU
		{F9448076-88BE-4045-8704-A652D133E036}.Debug|x64.Build.0 = Debug|Any CPU
		{F9448076-88BE-4045-8704-A652D133E036}.Debug|x86.ActiveCfg = Debug|Any CPU
		{F9448076-88BE-4045-8704-A652D133E036}.Debug|x86.Build.0 = Debug|Any CPU
		{F9448076-88BE-4045-8704-A652D133E036}.Release|Any CPU.ActiveCfg = Release|Any CPU
		{F9448076-88BE-4045-8704-A652D133E036}.Release|Any CPU.Build.0 = Release|Any CPU
		{F9448076-88BE-4045-8704-A652D133E036}.Release|ARM.ActiveCfg = Release|Any CPU
		{F9448076-88BE-4045-8704-A652D133E036}.Release|ARM.Build.0 = Release|Any CPU
		{F9448076-88BE-4045-8704-A652D133E036}.Release|iPhone.ActiveCfg = Release|Any CPU
		{F9448076-88BE-4045-8704-A652D133E036}.Release|iPhone.Build.0 = Release|Any CPU
		{F9448076-88BE-4045-8704-A652D133E036}.Release|iPhoneSimulator.ActiveCfg = Release|Any CPU
		{F9448076-88BE-4045-8704-A652D133E036}.Release|iPhoneSimulator.Build.0 = Release|Any CPU
		{F9448076-88BE-4045-8704-A652D133E036}.Release|x64.ActiveCfg = Release|Any CPU
		{F9448076-88BE-4045-8704-A652D133E036}.Release|x64.Build.0 = Release|Any CPU
		{F9448076-88BE-4045-8704-A652D133E036}.Release|x86.ActiveCfg = Release|Any CPU
		{F9448076-88BE-4045-8704-A652D133E036}.Release|x86.Build.0 = Release|Any CPU
		{8413EEF5-69F5-499F-AE01-754E9541EF90}.Debug|Any CPU.ActiveCfg = Debug|Any CPU
		{8413EEF5-69F5-499F-AE01-754E9541EF90}.Debug|Any CPU.Build.0 = Debug|Any CPU
		{8413EEF5-69F5-499F-AE01-754E9541EF90}.Debug|ARM.ActiveCfg = Debug|Any CPU
		{8413EEF5-69F5-499F-AE01-754E9541EF90}.Debug|ARM.Build.0 = Debug|Any CPU
		{8413EEF5-69F5-499F-AE01-754E9541EF90}.Debug|iPhone.ActiveCfg = Debug|Any CPU
		{8413EEF5-69F5-499F-AE01-754E9541EF90}.Debug|iPhone.Build.0 = Debug|Any CPU
		{8413EEF5-69F5-499F-AE01-754E9541EF90}.Debug|iPhoneSimulator.ActiveCfg = Debug|Any CPU
		{8413EEF5-69F5-499F-AE01-754E9541EF90}.Debug|iPhoneSimulator.Build.0 = Debug|Any CPU
		{8413EEF5-69F5-499F-AE01-754E9541EF90}.Debug|x64.ActiveCfg = Debug|Any CPU
		{8413EEF5-69F5-499F-AE01-754E9541EF90}.Debug|x64.Build.0 = Debug|Any CPU
		{8413EEF5-69F5-499F-AE01-754E9541EF90}.Debug|x86.ActiveCfg = Debug|Any CPU
		{8413EEF5-69F5-499F-AE01-754E9541EF90}.Debug|x86.Build.0 = Debug|Any CPU
		{8413EEF5-69F5-499F-AE01-754E9541EF90}.Release|Any CPU.ActiveCfg = Release|Any CPU
		{8413EEF5-69F5-499F-AE01-754E9541EF90}.Release|Any CPU.Build.0 = Release|Any CPU
		{8413EEF5-69F5-499F-AE01-754E9541EF90}.Release|ARM.ActiveCfg = Release|Any CPU
		{8413EEF5-69F5-499F-AE01-754E9541EF90}.Release|ARM.Build.0 = Release|Any CPU
		{8413EEF5-69F5-499F-AE01-754E9541EF90}.Release|iPhone.ActiveCfg = Release|Any CPU
		{8413EEF5-69F5-499F-AE01-754E9541EF90}.Release|iPhone.Build.0 = Release|Any CPU
		{8413EEF5-69F5-499F-AE01-754E9541EF90}.Release|iPhoneSimulator.ActiveCfg = Release|Any CPU
		{8413EEF5-69F5-499F-AE01-754E9541EF90}.Release|iPhoneSimulator.Build.0 = Release|Any CPU
		{8413EEF5-69F5-499F-AE01-754E9541EF90}.Release|x64.ActiveCfg = Release|Any CPU
		{8413EEF5-69F5-499F-AE01-754E9541EF90}.Release|x64.Build.0 = Release|Any CPU
		{8413EEF5-69F5-499F-AE01-754E9541EF90}.Release|x86.ActiveCfg = Release|Any CPU
		{8413EEF5-69F5-499F-AE01-754E9541EF90}.Release|x86.Build.0 = Release|Any CPU
		{9E020D62-9160-49AC-A9CD-476CADAE0B87}.Debug|Any CPU.ActiveCfg = Debug|iPhone
		{9E020D62-9160-49AC-A9CD-476CADAE0B87}.Debug|Any CPU.Build.0 = Debug|iPhone
		{9E020D62-9160-49AC-A9CD-476CADAE0B87}.Debug|ARM.ActiveCfg = Debug|iPhone
		{9E020D62-9160-49AC-A9CD-476CADAE0B87}.Debug|iPhone.ActiveCfg = Debug|iPhone
		{9E020D62-9160-49AC-A9CD-476CADAE0B87}.Debug|iPhone.Build.0 = Debug|iPhone
		{9E020D62-9160-49AC-A9CD-476CADAE0B87}.Debug|iPhoneSimulator.ActiveCfg = Debug|iPhone
		{9E020D62-9160-49AC-A9CD-476CADAE0B87}.Debug|iPhoneSimulator.Build.0 = Debug|iPhone
		{9E020D62-9160-49AC-A9CD-476CADAE0B87}.Debug|x64.ActiveCfg = Debug|iPhone
		{9E020D62-9160-49AC-A9CD-476CADAE0B87}.Debug|x86.ActiveCfg = Debug|iPhone
		{9E020D62-9160-49AC-A9CD-476CADAE0B87}.Release|Any CPU.ActiveCfg = Release|iPhone
		{9E020D62-9160-49AC-A9CD-476CADAE0B87}.Release|Any CPU.Build.0 = Release|iPhone
		{9E020D62-9160-49AC-A9CD-476CADAE0B87}.Release|ARM.ActiveCfg = Release|iPhone
		{9E020D62-9160-49AC-A9CD-476CADAE0B87}.Release|iPhone.ActiveCfg = Release|iPhone
		{9E020D62-9160-49AC-A9CD-476CADAE0B87}.Release|iPhone.Build.0 = Release|iPhone
		{9E020D62-9160-49AC-A9CD-476CADAE0B87}.Release|iPhoneSimulator.ActiveCfg = Release|iPhone
		{9E020D62-9160-49AC-A9CD-476CADAE0B87}.Release|iPhoneSimulator.Build.0 = Release|iPhone
		{9E020D62-9160-49AC-A9CD-476CADAE0B87}.Release|x64.ActiveCfg = Release|iPhone
		{9E020D62-9160-49AC-A9CD-476CADAE0B87}.Release|x86.ActiveCfg = Release|iPhone
		{DD7B4A7D-02E7-4DF7-9894-25743BDEC0C0}.Debug|Any CPU.ActiveCfg = Debug|x86
		{DD7B4A7D-02E7-4DF7-9894-25743BDEC0C0}.Debug|Any CPU.Build.0 = Debug|x86
		{DD7B4A7D-02E7-4DF7-9894-25743BDEC0C0}.Debug|Any CPU.Deploy.0 = Debug|x86
		{DD7B4A7D-02E7-4DF7-9894-25743BDEC0C0}.Debug|ARM.ActiveCfg = Debug|ARM
		{DD7B4A7D-02E7-4DF7-9894-25743BDEC0C0}.Debug|ARM.Build.0 = Debug|ARM
		{DD7B4A7D-02E7-4DF7-9894-25743BDEC0C0}.Debug|ARM.Deploy.0 = Debug|ARM
		{DD7B4A7D-02E7-4DF7-9894-25743BDEC0C0}.Debug|iPhone.ActiveCfg = Debug|x86
		{DD7B4A7D-02E7-4DF7-9894-25743BDEC0C0}.Debug|iPhoneSimulator.ActiveCfg = Debug|x86
		{DD7B4A7D-02E7-4DF7-9894-25743BDEC0C0}.Debug|x64.ActiveCfg = Debug|x64
		{DD7B4A7D-02E7-4DF7-9894-25743BDEC0C0}.Debug|x64.Build.0 = Debug|x64
		{DD7B4A7D-02E7-4DF7-9894-25743BDEC0C0}.Debug|x64.Deploy.0 = Debug|x64
		{DD7B4A7D-02E7-4DF7-9894-25743BDEC0C0}.Debug|x86.ActiveCfg = Debug|x86
		{DD7B4A7D-02E7-4DF7-9894-25743BDEC0C0}.Debug|x86.Build.0 = Debug|x86
		{DD7B4A7D-02E7-4DF7-9894-25743BDEC0C0}.Debug|x86.Deploy.0 = Debug|x86
		{DD7B4A7D-02E7-4DF7-9894-25743BDEC0C0}.Release|Any CPU.ActiveCfg = Release|x86
		{DD7B4A7D-02E7-4DF7-9894-25743BDEC0C0}.Release|ARM.ActiveCfg = Release|ARM
		{DD7B4A7D-02E7-4DF7-9894-25743BDEC0C0}.Release|ARM.Build.0 = Release|ARM
		{DD7B4A7D-02E7-4DF7-9894-25743BDEC0C0}.Release|ARM.Deploy.0 = Release|ARM
		{DD7B4A7D-02E7-4DF7-9894-25743BDEC0C0}.Release|iPhone.ActiveCfg = Release|x86
		{DD7B4A7D-02E7-4DF7-9894-25743BDEC0C0}.Release|iPhoneSimulator.ActiveCfg = Release|x86
		{DD7B4A7D-02E7-4DF7-9894-25743BDEC0C0}.Release|x64.ActiveCfg = Release|x64
		{DD7B4A7D-02E7-4DF7-9894-25743BDEC0C0}.Release|x64.Build.0 = Release|x64
		{DD7B4A7D-02E7-4DF7-9894-25743BDEC0C0}.Release|x64.Deploy.0 = Release|x64
		{DD7B4A7D-02E7-4DF7-9894-25743BDEC0C0}.Release|x86.ActiveCfg = Release|x86
		{DD7B4A7D-02E7-4DF7-9894-25743BDEC0C0}.Release|x86.Build.0 = Release|x86
		{DD7B4A7D-02E7-4DF7-9894-25743BDEC0C0}.Release|x86.Deploy.0 = Release|x86
		{578E4F5E-A33D-4C04-BD6C-22B48B789F36}.Debug|Any CPU.ActiveCfg = Debug|Any CPU
		{578E4F5E-A33D-4C04-BD6C-22B48B789F36}.Debug|Any CPU.Build.0 = Debug|Any CPU
		{578E4F5E-A33D-4C04-BD6C-22B48B789F36}.Debug|ARM.ActiveCfg = Debug|Any CPU
		{578E4F5E-A33D-4C04-BD6C-22B48B789F36}.Debug|ARM.Build.0 = Debug|Any CPU
		{578E4F5E-A33D-4C04-BD6C-22B48B789F36}.Debug|iPhone.ActiveCfg = Debug|Any CPU
		{578E4F5E-A33D-4C04-BD6C-22B48B789F36}.Debug|iPhone.Build.0 = Debug|Any CPU
		{578E4F5E-A33D-4C04-BD6C-22B48B789F36}.Debug|iPhoneSimulator.ActiveCfg = Debug|Any CPU
		{578E4F5E-A33D-4C04-BD6C-22B48B789F36}.Debug|iPhoneSimulator.Build.0 = Debug|Any CPU
		{578E4F5E-A33D-4C04-BD6C-22B48B789F36}.Debug|x64.ActiveCfg = Debug|Any CPU
		{578E4F5E-A33D-4C04-BD6C-22B48B789F36}.Debug|x64.Build.0 = Debug|Any CPU
		{578E4F5E-A33D-4C04-BD6C-22B48B789F36}.Debug|x86.ActiveCfg = Debug|Any CPU
		{578E4F5E-A33D-4C04-BD6C-22B48B789F36}.Debug|x86.Build.0 = Debug|Any CPU
		{578E4F5E-A33D-4C04-BD6C-22B48B789F36}.Release|Any CPU.ActiveCfg = Release|Any CPU
		{578E4F5E-A33D-4C04-BD6C-22B48B789F36}.Release|Any CPU.Build.0 = Release|Any CPU
		{578E4F5E-A33D-4C04-BD6C-22B48B789F36}.Release|ARM.ActiveCfg = Release|Any CPU
		{578E4F5E-A33D-4C04-BD6C-22B48B789F36}.Release|ARM.Build.0 = Release|Any CPU
		{578E4F5E-A33D-4C04-BD6C-22B48B789F36}.Release|iPhone.ActiveCfg = Release|Any CPU
		{578E4F5E-A33D-4C04-BD6C-22B48B789F36}.Release|iPhone.Build.0 = Release|Any CPU
		{578E4F5E-A33D-4C04-BD6C-22B48B789F36}.Release|iPhoneSimulator.ActiveCfg = Release|Any CPU
		{578E4F5E-A33D-4C04-BD6C-22B48B789F36}.Release|iPhoneSimulator.Build.0 = Release|Any CPU
		{578E4F5E-A33D-4C04-BD6C-22B48B789F36}.Release|x64.ActiveCfg = Release|Any CPU
		{578E4F5E-A33D-4C04-BD6C-22B48B789F36}.Release|x64.Build.0 = Release|Any CPU
		{578E4F5E-A33D-4C04-BD6C-22B48B789F36}.Release|x86.ActiveCfg = Release|Any CPU
		{578E4F5E-A33D-4C04-BD6C-22B48B789F36}.Release|x86.Build.0 = Release|Any CPU
		{24B7E0C6-9113-4430-8614-6E3AED7FE0C0}.Debug|Any CPU.ActiveCfg = Debug|Any CPU
		{24B7E0C6-9113-4430-8614-6E3AED7FE0C0}.Debug|Any CPU.Build.0 = Debug|Any CPU
		{24B7E0C6-9113-4430-8614-6E3AED7FE0C0}.Debug|Any CPU.Deploy.0 = Debug|Any CPU
		{24B7E0C6-9113-4430-8614-6E3AED7FE0C0}.Debug|ARM.ActiveCfg = Debug|Any CPU
		{24B7E0C6-9113-4430-8614-6E3AED7FE0C0}.Debug|ARM.Build.0 = Debug|Any CPU
		{24B7E0C6-9113-4430-8614-6E3AED7FE0C0}.Debug|iPhone.ActiveCfg = Debug|Any CPU
		{24B7E0C6-9113-4430-8614-6E3AED7FE0C0}.Debug|iPhone.Build.0 = Debug|Any CPU
		{24B7E0C6-9113-4430-8614-6E3AED7FE0C0}.Debug|iPhoneSimulator.ActiveCfg = Debug|Any CPU
		{24B7E0C6-9113-4430-8614-6E3AED7FE0C0}.Debug|iPhoneSimulator.Build.0 = Debug|Any CPU
		{24B7E0C6-9113-4430-8614-6E3AED7FE0C0}.Debug|x64.ActiveCfg = Debug|Any CPU
		{24B7E0C6-9113-4430-8614-6E3AED7FE0C0}.Debug|x64.Build.0 = Debug|Any CPU
		{24B7E0C6-9113-4430-8614-6E3AED7FE0C0}.Debug|x86.ActiveCfg = Debug|Any CPU
		{24B7E0C6-9113-4430-8614-6E3AED7FE0C0}.Debug|x86.Build.0 = Debug|Any CPU
		{24B7E0C6-9113-4430-8614-6E3AED7FE0C0}.Release|Any CPU.ActiveCfg = Release|Any CPU
		{24B7E0C6-9113-4430-8614-6E3AED7FE0C0}.Release|Any CPU.Build.0 = Release|Any CPU
		{24B7E0C6-9113-4430-8614-6E3AED7FE0C0}.Release|ARM.ActiveCfg = Release|Any CPU
		{24B7E0C6-9113-4430-8614-6E3AED7FE0C0}.Release|ARM.Build.0 = Release|Any CPU
		{24B7E0C6-9113-4430-8614-6E3AED7FE0C0}.Release|iPhone.ActiveCfg = Release|Any CPU
		{24B7E0C6-9113-4430-8614-6E3AED7FE0C0}.Release|iPhone.Build.0 = Release|Any CPU
		{24B7E0C6-9113-4430-8614-6E3AED7FE0C0}.Release|iPhoneSimulator.ActiveCfg = Release|Any CPU
		{24B7E0C6-9113-4430-8614-6E3AED7FE0C0}.Release|iPhoneSimulator.Build.0 = Release|Any CPU
		{24B7E0C6-9113-4430-8614-6E3AED7FE0C0}.Release|x64.ActiveCfg = Release|Any CPU
		{24B7E0C6-9113-4430-8614-6E3AED7FE0C0}.Release|x64.Build.0 = Release|Any CPU
		{24B7E0C6-9113-4430-8614-6E3AED7FE0C0}.Release|x86.ActiveCfg = Release|Any CPU
		{24B7E0C6-9113-4430-8614-6E3AED7FE0C0}.Release|x86.Build.0 = Release|Any CPU
		{85236682-6463-4209-B66C-E0643EF12B46}.Debug|Any CPU.ActiveCfg = Debug|Any CPU
		{85236682-6463-4209-B66C-E0643EF12B46}.Debug|Any CPU.Build.0 = Debug|Any CPU
		{85236682-6463-4209-B66C-E0643EF12B46}.Debug|ARM.ActiveCfg = Debug|Any CPU
		{85236682-6463-4209-B66C-E0643EF12B46}.Debug|ARM.Build.0 = Debug|Any CPU
		{85236682-6463-4209-B66C-E0643EF12B46}.Debug|iPhone.ActiveCfg = Debug|Any CPU
		{85236682-6463-4209-B66C-E0643EF12B46}.Debug|iPhone.Build.0 = Debug|Any CPU
		{85236682-6463-4209-B66C-E0643EF12B46}.Debug|iPhoneSimulator.ActiveCfg = Debug|Any CPU
		{85236682-6463-4209-B66C-E0643EF12B46}.Debug|iPhoneSimulator.Build.0 = Debug|Any CPU
		{85236682-6463-4209-B66C-E0643EF12B46}.Debug|x64.ActiveCfg = Debug|Any CPU
		{85236682-6463-4209-B66C-E0643EF12B46}.Debug|x64.Build.0 = Debug|Any CPU
		{85236682-6463-4209-B66C-E0643EF12B46}.Debug|x86.ActiveCfg = Debug|Any CPU
		{85236682-6463-4209-B66C-E0643EF12B46}.Debug|x86.Build.0 = Debug|Any CPU
		{85236682-6463-4209-B66C-E0643EF12B46}.Release|Any CPU.ActiveCfg = Release|Any CPU
		{85236682-6463-4209-B66C-E0643EF12B46}.Release|Any CPU.Build.0 = Release|Any CPU
		{85236682-6463-4209-B66C-E0643EF12B46}.Release|ARM.ActiveCfg = Release|Any CPU
		{85236682-6463-4209-B66C-E0643EF12B46}.Release|ARM.Build.0 = Release|Any CPU
		{85236682-6463-4209-B66C-E0643EF12B46}.Release|iPhone.ActiveCfg = Release|Any CPU
		{85236682-6463-4209-B66C-E0643EF12B46}.Release|iPhone.Build.0 = Release|Any CPU
		{85236682-6463-4209-B66C-E0643EF12B46}.Release|iPhoneSimulator.ActiveCfg = Release|Any CPU
		{85236682-6463-4209-B66C-E0643EF12B46}.Release|iPhoneSimulator.Build.0 = Release|Any CPU
		{85236682-6463-4209-B66C-E0643EF12B46}.Release|x64.ActiveCfg = Release|Any CPU
		{85236682-6463-4209-B66C-E0643EF12B46}.Release|x64.Build.0 = Release|Any CPU
		{85236682-6463-4209-B66C-E0643EF12B46}.Release|x86.ActiveCfg = Release|Any CPU
		{85236682-6463-4209-B66C-E0643EF12B46}.Release|x86.Build.0 = Release|Any CPU
		{5DD656CE-3319-46BB-B47F-BBED8CC722FD}.Debug|Any CPU.ActiveCfg = Debug|iPhoneSimulator
		{5DD656CE-3319-46BB-B47F-BBED8CC722FD}.Debug|Any CPU.Build.0 = Debug|iPhoneSimulator
		{5DD656CE-3319-46BB-B47F-BBED8CC722FD}.Debug|ARM.ActiveCfg = Debug|iPhone
		{5DD656CE-3319-46BB-B47F-BBED8CC722FD}.Debug|ARM.Build.0 = Debug|iPhone
		{5DD656CE-3319-46BB-B47F-BBED8CC722FD}.Debug|iPhone.ActiveCfg = Debug|iPhone
		{5DD656CE-3319-46BB-B47F-BBED8CC722FD}.Debug|iPhone.Build.0 = Debug|iPhone
		{5DD656CE-3319-46BB-B47F-BBED8CC722FD}.Debug|iPhoneSimulator.ActiveCfg = Debug|iPhoneSimulator
		{5DD656CE-3319-46BB-B47F-BBED8CC722FD}.Debug|iPhoneSimulator.Build.0 = Debug|iPhoneSimulator
		{5DD656CE-3319-46BB-B47F-BBED8CC722FD}.Debug|x64.ActiveCfg = Debug|iPhone
		{5DD656CE-3319-46BB-B47F-BBED8CC722FD}.Debug|x64.Build.0 = Debug|iPhone
		{5DD656CE-3319-46BB-B47F-BBED8CC722FD}.Debug|x86.ActiveCfg = Debug|iPhone
		{5DD656CE-3319-46BB-B47F-BBED8CC722FD}.Debug|x86.Build.0 = Debug|iPhone
		{5DD656CE-3319-46BB-B47F-BBED8CC722FD}.Release|Any CPU.ActiveCfg = Release|iPhone
		{5DD656CE-3319-46BB-B47F-BBED8CC722FD}.Release|Any CPU.Build.0 = Release|iPhone
		{5DD656CE-3319-46BB-B47F-BBED8CC722FD}.Release|ARM.ActiveCfg = Release|iPhoneSimulator
		{5DD656CE-3319-46BB-B47F-BBED8CC722FD}.Release|ARM.Build.0 = Release|iPhoneSimulator
		{5DD656CE-3319-46BB-B47F-BBED8CC722FD}.Release|iPhone.ActiveCfg = Release|iPhone
		{5DD656CE-3319-46BB-B47F-BBED8CC722FD}.Release|iPhone.Build.0 = Release|iPhone
		{5DD656CE-3319-46BB-B47F-BBED8CC722FD}.Release|iPhoneSimulator.ActiveCfg = Release|iPhoneSimulator
		{5DD656CE-3319-46BB-B47F-BBED8CC722FD}.Release|iPhoneSimulator.Build.0 = Release|iPhoneSimulator
		{5DD656CE-3319-46BB-B47F-BBED8CC722FD}.Release|x64.ActiveCfg = Release|iPhoneSimulator
		{5DD656CE-3319-46BB-B47F-BBED8CC722FD}.Release|x64.Build.0 = Release|iPhoneSimulator
		{5DD656CE-3319-46BB-B47F-BBED8CC722FD}.Release|x86.ActiveCfg = Release|iPhoneSimulator
		{5DD656CE-3319-46BB-B47F-BBED8CC722FD}.Release|x86.Build.0 = Release|iPhoneSimulator
		{EFACE810-A402-4673-B8B5-4517E698EACE}.Debug|Any CPU.ActiveCfg = Debug|Any CPU
		{EFACE810-A402-4673-B8B5-4517E698EACE}.Debug|Any CPU.Build.0 = Debug|Any CPU
		{EFACE810-A402-4673-B8B5-4517E698EACE}.Debug|ARM.ActiveCfg = Debug|Any CPU
		{EFACE810-A402-4673-B8B5-4517E698EACE}.Debug|ARM.Build.0 = Debug|Any CPU
		{EFACE810-A402-4673-B8B5-4517E698EACE}.Debug|iPhone.ActiveCfg = Debug|Any CPU
		{EFACE810-A402-4673-B8B5-4517E698EACE}.Debug|iPhone.Build.0 = Debug|Any CPU
		{EFACE810-A402-4673-B8B5-4517E698EACE}.Debug|iPhoneSimulator.ActiveCfg = Debug|Any CPU
		{EFACE810-A402-4673-B8B5-4517E698EACE}.Debug|iPhoneSimulator.Build.0 = Debug|Any CPU
		{EFACE810-A402-4673-B8B5-4517E698EACE}.Debug|x64.ActiveCfg = Debug|Any CPU
		{EFACE810-A402-4673-B8B5-4517E698EACE}.Debug|x64.Build.0 = Debug|Any CPU
		{EFACE810-A402-4673-B8B5-4517E698EACE}.Debug|x86.ActiveCfg = Debug|Any CPU
		{EFACE810-A402-4673-B8B5-4517E698EACE}.Debug|x86.Build.0 = Debug|Any CPU
		{EFACE810-A402-4673-B8B5-4517E698EACE}.Release|Any CPU.ActiveCfg = Release|Any CPU
		{EFACE810-A402-4673-B8B5-4517E698EACE}.Release|Any CPU.Build.0 = Release|Any CPU
		{EFACE810-A402-4673-B8B5-4517E698EACE}.Release|ARM.ActiveCfg = Release|Any CPU
		{EFACE810-A402-4673-B8B5-4517E698EACE}.Release|ARM.Build.0 = Release|Any CPU
		{EFACE810-A402-4673-B8B5-4517E698EACE}.Release|iPhone.ActiveCfg = Release|Any CPU
		{EFACE810-A402-4673-B8B5-4517E698EACE}.Release|iPhone.Build.0 = Release|Any CPU
		{EFACE810-A402-4673-B8B5-4517E698EACE}.Release|iPhoneSimulator.ActiveCfg = Release|Any CPU
		{EFACE810-A402-4673-B8B5-4517E698EACE}.Release|iPhoneSimulator.Build.0 = Release|Any CPU
		{EFACE810-A402-4673-B8B5-4517E698EACE}.Release|x64.ActiveCfg = Release|Any CPU
		{EFACE810-A402-4673-B8B5-4517E698EACE}.Release|x64.Build.0 = Release|Any CPU
		{EFACE810-A402-4673-B8B5-4517E698EACE}.Release|x86.ActiveCfg = Release|Any CPU
		{EFACE810-A402-4673-B8B5-4517E698EACE}.Release|x86.Build.0 = Release|Any CPU
		{2CE9C122-CB05-4143-9070-78968074E6CC}.Debug|Any CPU.ActiveCfg = Debug|Any CPU
		{2CE9C122-CB05-4143-9070-78968074E6CC}.Debug|Any CPU.Build.0 = Debug|Any CPU
		{2CE9C122-CB05-4143-9070-78968074E6CC}.Debug|ARM.ActiveCfg = Debug|Any CPU
		{2CE9C122-CB05-4143-9070-78968074E6CC}.Debug|ARM.Build.0 = Debug|Any CPU
		{2CE9C122-CB05-4143-9070-78968074E6CC}.Debug|iPhone.ActiveCfg = Debug|Any CPU
		{2CE9C122-CB05-4143-9070-78968074E6CC}.Debug|iPhone.Build.0 = Debug|Any CPU
		{2CE9C122-CB05-4143-9070-78968074E6CC}.Debug|iPhoneSimulator.ActiveCfg = Debug|Any CPU
		{2CE9C122-CB05-4143-9070-78968074E6CC}.Debug|iPhoneSimulator.Build.0 = Debug|Any CPU
		{2CE9C122-CB05-4143-9070-78968074E6CC}.Debug|x64.ActiveCfg = Debug|Any CPU
		{2CE9C122-CB05-4143-9070-78968074E6CC}.Debug|x64.Build.0 = Debug|Any CPU
		{2CE9C122-CB05-4143-9070-78968074E6CC}.Debug|x86.ActiveCfg = Debug|Any CPU
		{2CE9C122-CB05-4143-9070-78968074E6CC}.Debug|x86.Build.0 = Debug|Any CPU
		{2CE9C122-CB05-4143-9070-78968074E6CC}.Release|Any CPU.ActiveCfg = Release|Any CPU
		{2CE9C122-CB05-4143-9070-78968074E6CC}.Release|Any CPU.Build.0 = Release|Any CPU
		{2CE9C122-CB05-4143-9070-78968074E6CC}.Release|ARM.ActiveCfg = Release|Any CPU
		{2CE9C122-CB05-4143-9070-78968074E6CC}.Release|ARM.Build.0 = Release|Any CPU
		{2CE9C122-CB05-4143-9070-78968074E6CC}.Release|iPhone.ActiveCfg = Release|Any CPU
		{2CE9C122-CB05-4143-9070-78968074E6CC}.Release|iPhone.Build.0 = Release|Any CPU
		{2CE9C122-CB05-4143-9070-78968074E6CC}.Release|iPhoneSimulator.ActiveCfg = Release|Any CPU
		{2CE9C122-CB05-4143-9070-78968074E6CC}.Release|iPhoneSimulator.Build.0 = Release|Any CPU
		{2CE9C122-CB05-4143-9070-78968074E6CC}.Release|x64.ActiveCfg = Release|Any CPU
		{2CE9C122-CB05-4143-9070-78968074E6CC}.Release|x64.Build.0 = Release|Any CPU
		{2CE9C122-CB05-4143-9070-78968074E6CC}.Release|x86.ActiveCfg = Release|Any CPU
		{2CE9C122-CB05-4143-9070-78968074E6CC}.Release|x86.Build.0 = Release|Any CPU
	EndGlobalSection
	GlobalSection(SolutionProperties) = preSolution
		HideSolutionNode = FALSE
	EndGlobalSection
	GlobalSection(ExtensibilityGlobals) = postSolution
		SolutionGuid = {9B7D9375-3711-4242-B4B1-3F7CD6241287}
	EndGlobalSection
EndGlobal
