
Microsoft Visual Studio Solution File, Format Version 12.00
# Visual Studio 2012
Project("{f2a71f9b-5d33-465a-a702-920d77279786}") = "GWallet.Frontend.XamForms.iOS", "src\GWallet.Frontend.XamForms.iOS\GWallet.Frontend.XamForms.iOS.fsproj", "{7527A41F-0A76-4058-A414-DAD1A9585660}"
EndProject
Project("{f2a71f9b-5d33-465a-a702-920d77279786}") = "GWallet.Frontend.XamForms.Droid", "src\GWallet.Frontend.XamForms.Droid\GWallet.Frontend.XamForms.Droid.fsproj", "{E0B76324-5516-49E5-B2AA-1A08C19EF214}"
EndProject
Project("{f2a71f9b-5d33-465a-a702-920d77279786}") = "GWallet.Backend", "src\GWallet.Backend\GWallet.Backend.fsproj", "{96F9B3E5-11F8-4F5F-AADC-51D0D995B3D2}"
EndProject
Project("{f2a71f9b-5d33-465a-a702-920d77279786}") = "GWallet.Backend.Tests", "src\GWallet.Backend.Tests\GWallet.Backend.Tests.fsproj", "{F9448076-88BE-4045-8704-A652D133E036}"
EndProject
Project("{f2a71f9b-5d33-465a-a702-920d77279786}") = "GWallet.Frontend.Console", "src\GWallet.Frontend.Console\GWallet.Frontend.Console.fsproj", "{8413EEF5-69F5-499F-AE01-754E9541EF90}"
EndProject
Project("{2150E333-8FDC-42A3-9474-1A3956D46DE8}") = "build", "build", "{9DFD61F8-2CED-47F1-BB3A-48A383D4751D}"
	ProjectSection(SolutionItems) = preProject
		configure.fsx = configure.fsx
		configure.sh = configure.sh
		fsicheck.sh = fsicheck.sh
		Infra.fs = Infra.fs
		make.fsx = make.fsx
		make.sh = make.sh
		Makefile = Makefile
	EndProjectSection
EndProject
Project("{f2a71f9b-5d33-465a-a702-920d77279786}") = "GWallet.Frontend.XF", "src\GWallet.Frontend.XF\GWallet.Frontend.XF.fsproj", "{19C613A6-21D8-4120-8E5D-C092193D1003}"
EndProject
Project("{f2a71f9b-5d33-465a-a702-920d77279786}") = "GWallet.Backend.NetStandard", "src\GWallet.Backend.NetStandard\GWallet.Backend.NetStandard.fsproj", "{D1D192E0-F226-40AD-8D81-687F7E6F7DAB}"
EndProject
Project("{f2a71f9b-5d33-465a-a702-920d77279786}") = "GWallet.Frontend.XamForms.Mac", "src\GWallet.Frontend.XamForms.Mac\GWallet.Frontend.XamForms.Mac.fsproj", "{9E020D62-9160-49AC-A9CD-476CADAE0B87}"
EndProject
Global
	GlobalSection(SolutionConfigurationPlatforms) = preSolution
		Debug|Any CPU = Debug|Any CPU
		Release|Any CPU = Release|Any CPU
		Debug|iPhoneSimulator = Debug|iPhoneSimulator
		Release|iPhone = Release|iPhone
		Release|iPhoneSimulator = Release|iPhoneSimulator
		Debug|iPhone = Debug|iPhone
	EndGlobalSection
	GlobalSection(ProjectConfigurationPlatforms) = postSolution
		{7527A41F-0A76-4058-A414-DAD1A9585660}.Debug|Any CPU.ActiveCfg = Debug|iPhoneSimulator
		{7527A41F-0A76-4058-A414-DAD1A9585660}.Debug|Any CPU.Build.0 = Debug|iPhoneSimulator
		{7527A41F-0A76-4058-A414-DAD1A9585660}.Release|Any CPU.ActiveCfg = Release|iPhone
		{7527A41F-0A76-4058-A414-DAD1A9585660}.Release|Any CPU.Build.0 = Release|iPhone
		{7527A41F-0A76-4058-A414-DAD1A9585660}.Debug|iPhoneSimulator.ActiveCfg = Debug|iPhoneSimulator
		{7527A41F-0A76-4058-A414-DAD1A9585660}.Debug|iPhoneSimulator.Build.0 = Debug|iPhoneSimulator
		{7527A41F-0A76-4058-A414-DAD1A9585660}.Release|iPhone.ActiveCfg = Release|iPhone
		{7527A41F-0A76-4058-A414-DAD1A9585660}.Release|iPhone.Build.0 = Release|iPhone
		{7527A41F-0A76-4058-A414-DAD1A9585660}.Release|iPhoneSimulator.ActiveCfg = Release|iPhoneSimulator
		{7527A41F-0A76-4058-A414-DAD1A9585660}.Release|iPhoneSimulator.Build.0 = Release|iPhoneSimulator
		{7527A41F-0A76-4058-A414-DAD1A9585660}.Debug|iPhone.ActiveCfg = Debug|iPhone
		{7527A41F-0A76-4058-A414-DAD1A9585660}.Debug|iPhone.Build.0 = Debug|iPhone
		{E0B76324-5516-49E5-B2AA-1A08C19EF214}.Debug|Any CPU.ActiveCfg = Debug|Any CPU
		{E0B76324-5516-49E5-B2AA-1A08C19EF214}.Debug|Any CPU.Build.0 = Debug|Any CPU
		{E0B76324-5516-49E5-B2AA-1A08C19EF214}.Release|Any CPU.ActiveCfg = Release|Any CPU
		{E0B76324-5516-49E5-B2AA-1A08C19EF214}.Release|Any CPU.Build.0 = Release|Any CPU
		{E0B76324-5516-49E5-B2AA-1A08C19EF214}.Debug|iPhoneSimulator.ActiveCfg = Debug|Any CPU
		{E0B76324-5516-49E5-B2AA-1A08C19EF214}.Debug|iPhoneSimulator.Build.0 = Debug|Any CPU
		{E0B76324-5516-49E5-B2AA-1A08C19EF214}.Release|iPhone.ActiveCfg = Release|Any CPU
		{E0B76324-5516-49E5-B2AA-1A08C19EF214}.Release|iPhone.Build.0 = Release|Any CPU
		{E0B76324-5516-49E5-B2AA-1A08C19EF214}.Release|iPhoneSimulator.ActiveCfg = Release|Any CPU
		{E0B76324-5516-49E5-B2AA-1A08C19EF214}.Release|iPhoneSimulator.Build.0 = Release|Any CPU
		{E0B76324-5516-49E5-B2AA-1A08C19EF214}.Debug|iPhone.ActiveCfg = Debug|Any CPU
		{E0B76324-5516-49E5-B2AA-1A08C19EF214}.Debug|iPhone.Build.0 = Debug|Any CPU
		{96F9B3E5-11F8-4F5F-AADC-51D0D995B3D2}.Debug|Any CPU.ActiveCfg = Debug|Any CPU
		{96F9B3E5-11F8-4F5F-AADC-51D0D995B3D2}.Debug|Any CPU.Build.0 = Debug|Any CPU
		{96F9B3E5-11F8-4F5F-AADC-51D0D995B3D2}.Release|Any CPU.ActiveCfg = Release|Any CPU
		{96F9B3E5-11F8-4F5F-AADC-51D0D995B3D2}.Release|Any CPU.Build.0 = Release|Any CPU
		{96F9B3E5-11F8-4F5F-AADC-51D0D995B3D2}.Debug|iPhoneSimulator.ActiveCfg = Debug|Any CPU
		{96F9B3E5-11F8-4F5F-AADC-51D0D995B3D2}.Debug|iPhoneSimulator.Build.0 = Debug|Any CPU
		{96F9B3E5-11F8-4F5F-AADC-51D0D995B3D2}.Release|iPhone.ActiveCfg = Release|Any CPU
		{96F9B3E5-11F8-4F5F-AADC-51D0D995B3D2}.Release|iPhone.Build.0 = Release|Any CPU
		{96F9B3E5-11F8-4F5F-AADC-51D0D995B3D2}.Release|iPhoneSimulator.ActiveCfg = Release|Any CPU
		{96F9B3E5-11F8-4F5F-AADC-51D0D995B3D2}.Release|iPhoneSimulator.Build.0 = Release|Any CPU
		{96F9B3E5-11F8-4F5F-AADC-51D0D995B3D2}.Debug|iPhone.ActiveCfg = Debug|Any CPU
		{96F9B3E5-11F8-4F5F-AADC-51D0D995B3D2}.Debug|iPhone.Build.0 = Debug|Any CPU
		{8413EEF5-69F5-499F-AE01-754E9541EF90}.Debug|Any CPU.ActiveCfg = Debug|Any CPU
		{8413EEF5-69F5-499F-AE01-754E9541EF90}.Debug|Any CPU.Build.0 = Debug|Any CPU
		{8413EEF5-69F5-499F-AE01-754E9541EF90}.Release|Any CPU.ActiveCfg = Release|Any CPU
		{8413EEF5-69F5-499F-AE01-754E9541EF90}.Release|Any CPU.Build.0 = Release|Any CPU
		{8413EEF5-69F5-499F-AE01-754E9541EF90}.Debug|iPhoneSimulator.ActiveCfg = Debug|Any CPU
		{8413EEF5-69F5-499F-AE01-754E9541EF90}.Debug|iPhoneSimulator.Build.0 = Debug|Any CPU
		{8413EEF5-69F5-499F-AE01-754E9541EF90}.Release|iPhone.ActiveCfg = Release|Any CPU
		{8413EEF5-69F5-499F-AE01-754E9541EF90}.Release|iPhone.Build.0 = Release|Any CPU
		{8413EEF5-69F5-499F-AE01-754E9541EF90}.Release|iPhoneSimulator.ActiveCfg = Release|Any CPU
		{8413EEF5-69F5-499F-AE01-754E9541EF90}.Release|iPhoneSimulator.Build.0 = Release|Any CPU
		{8413EEF5-69F5-499F-AE01-754E9541EF90}.Debug|iPhone.ActiveCfg = Debug|Any CPU
		{8413EEF5-69F5-499F-AE01-754E9541EF90}.Debug|iPhone.Build.0 = Debug|Any CPU
		{F9448076-88BE-4045-8704-A652D133E036}.Debug|Any CPU.ActiveCfg = Debug|Any CPU
		{F9448076-88BE-4045-8704-A652D133E036}.Debug|Any CPU.Build.0 = Debug|Any CPU
		{F9448076-88BE-4045-8704-A652D133E036}.Release|Any CPU.ActiveCfg = Release|Any CPU
		{F9448076-88BE-4045-8704-A652D133E036}.Release|Any CPU.Build.0 = Release|Any CPU
		{F9448076-88BE-4045-8704-A652D133E036}.Debug|iPhoneSimulator.ActiveCfg = Debug|Any CPU
		{F9448076-88BE-4045-8704-A652D133E036}.Debug|iPhoneSimulator.Build.0 = Debug|Any CPU
		{F9448076-88BE-4045-8704-A652D133E036}.Release|iPhone.ActiveCfg = Release|Any CPU
		{F9448076-88BE-4045-8704-A652D133E036}.Release|iPhone.Build.0 = Release|Any CPU
		{F9448076-88BE-4045-8704-A652D133E036}.Release|iPhoneSimulator.ActiveCfg = Release|Any CPU
		{F9448076-88BE-4045-8704-A652D133E036}.Release|iPhoneSimulator.Build.0 = Release|Any CPU
		{F9448076-88BE-4045-8704-A652D133E036}.Debug|iPhone.ActiveCfg = Debug|Any CPU
		{F9448076-88BE-4045-8704-A652D133E036}.Debug|iPhone.Build.0 = Debug|Any CPU
		{19C613A6-21D8-4120-8E5D-C092193D1003}.Debug|Any CPU.ActiveCfg = Debug|Any CPU
		{19C613A6-21D8-4120-8E5D-C092193D1003}.Debug|Any CPU.Build.0 = Debug|Any CPU
		{19C613A6-21D8-4120-8E5D-C092193D1003}.Release|Any CPU.ActiveCfg = Release|Any CPU
		{19C613A6-21D8-4120-8E5D-C092193D1003}.Release|Any CPU.Build.0 = Release|Any CPU
		{19C613A6-21D8-4120-8E5D-C092193D1003}.Debug|iPhoneSimulator.ActiveCfg = Debug|Any CPU
		{19C613A6-21D8-4120-8E5D-C092193D1003}.Debug|iPhoneSimulator.Build.0 = Debug|Any CPU
		{19C613A6-21D8-4120-8E5D-C092193D1003}.Release|iPhone.ActiveCfg = Release|Any CPU
		{19C613A6-21D8-4120-8E5D-C092193D1003}.Release|iPhone.Build.0 = Release|Any CPU
		{19C613A6-21D8-4120-8E5D-C092193D1003}.Release|iPhoneSimulator.ActiveCfg = Release|Any CPU
		{19C613A6-21D8-4120-8E5D-C092193D1003}.Release|iPhoneSimulator.Build.0 = Release|Any CPU
		{19C613A6-21D8-4120-8E5D-C092193D1003}.Debug|iPhone.ActiveCfg = Debug|Any CPU
		{19C613A6-21D8-4120-8E5D-C092193D1003}.Debug|iPhone.Build.0 = Debug|Any CPU
		{D1D192E0-F226-40AD-8D81-687F7E6F7DAB}.Debug|Any CPU.ActiveCfg = Debug|Any CPU
		{D1D192E0-F226-40AD-8D81-687F7E6F7DAB}.Debug|Any CPU.Build.0 = Debug|Any CPU
		{D1D192E0-F226-40AD-8D81-687F7E6F7DAB}.Release|Any CPU.ActiveCfg = Release|Any CPU
		{D1D192E0-F226-40AD-8D81-687F7E6F7DAB}.Release|Any CPU.Build.0 = Release|Any CPU
		{D1D192E0-F226-40AD-8D81-687F7E6F7DAB}.Debug|iPhoneSimulator.ActiveCfg = Debug|Any CPU
		{D1D192E0-F226-40AD-8D81-687F7E6F7DAB}.Debug|iPhoneSimulator.Build.0 = Debug|Any CPU
		{D1D192E0-F226-40AD-8D81-687F7E6F7DAB}.Release|iPhone.ActiveCfg = Release|Any CPU
		{D1D192E0-F226-40AD-8D81-687F7E6F7DAB}.Release|iPhone.Build.0 = Release|Any CPU
		{D1D192E0-F226-40AD-8D81-687F7E6F7DAB}.Release|iPhoneSimulator.ActiveCfg = Release|Any CPU
		{D1D192E0-F226-40AD-8D81-687F7E6F7DAB}.Release|iPhoneSimulator.Build.0 = Release|Any CPU
		{D1D192E0-F226-40AD-8D81-687F7E6F7DAB}.Debug|iPhone.ActiveCfg = Debug|Any CPU
		{D1D192E0-F226-40AD-8D81-687F7E6F7DAB}.Debug|iPhone.Build.0 = Debug|Any CPU
		{9E020D62-9160-49AC-A9CD-476CADAE0B87}.Debug|Any CPU.ActiveCfg = Debug|iPhone
		{9E020D62-9160-49AC-A9CD-476CADAE0B87}.Debug|Any CPU.Build.0 = Debug|iPhone
		{9E020D62-9160-49AC-A9CD-476CADAE0B87}.Release|Any CPU.ActiveCfg = Release|iPhone
		{9E020D62-9160-49AC-A9CD-476CADAE0B87}.Release|Any CPU.Build.0 = Release|iPhone
		{9E020D62-9160-49AC-A9CD-476CADAE0B87}.Debug|iPhoneSimulator.ActiveCfg = Debug|iPhone
		{9E020D62-9160-49AC-A9CD-476CADAE0B87}.Debug|iPhoneSimulator.Build.0 = Debug|iPhone
		{9E020D62-9160-49AC-A9CD-476CADAE0B87}.Release|iPhone.ActiveCfg = Release|iPhone
		{9E020D62-9160-49AC-A9CD-476CADAE0B87}.Release|iPhone.Build.0 = Release|iPhone
		{9E020D62-9160-49AC-A9CD-476CADAE0B87}.Release|iPhoneSimulator.ActiveCfg = Release|iPhone
		{9E020D62-9160-49AC-A9CD-476CADAE0B87}.Release|iPhoneSimulator.Build.0 = Release|iPhone
		{9E020D62-9160-49AC-A9CD-476CADAE0B87}.Debug|iPhone.ActiveCfg = Debug|iPhone
		{9E020D62-9160-49AC-A9CD-476CADAE0B87}.Debug|iPhone.Build.0 = Debug|iPhone
	EndGlobalSection
EndGlobal
