
Microsoft Visual Studio Solution File, Format Version 12.00
# Visual Studio 15
Project("{F2A71F9B-5D33-465A-A702-920D77279786}") = "GWallet.Backend", "GWallet.Backend\GWallet.Backend.fsproj", "{949A9225-A1BE-4EDA-A1DA-04AC131CFE9B}"
EndProject
Project("{F2A71F9B-5D33-465A-A702-920D77279786}") = "GWallet.Frontend.XF", "GWallet.Frontend.XF\GWallet.Frontend.XF.fsproj", "{2C7A1A49-CAD1-4961-866A-D32868AE7D18}"
EndProject
Project("{F2A71F9B-5D33-465A-A702-920D77279786}") = "GWallet.Frontend.XF.Gtk", "GWallet.Frontend.XF.Gtk\GWallet.Frontend.XF.Gtk.fsproj", "{578E4F5E-A33D-4C04-BD6C-22B48B789F36}"
EndProject
Project("{F2A71F9B-5D33-465A-A702-920D77279786}") = "GWallet.Backend.Legacy`", "GWallet.Backend\GWallet.Backend-legacy.fsproj", "{96F9B3E5-11F8-4F5F-AADC-51D0D995B3D2}"
EndProject
Project("{F2A71F9B-5D33-465A-A702-920D77279786}") = "GWallet.Backend.Tests", "GWallet.Backend.Tests\GWallet.Backend.Tests-legacy.fsproj", "{F9448076-88BE-4045-8704-A652D133E036}"
EndProject
Project("{F2A71F9B-5D33-465A-A702-920D77279786}") = "GWallet.Frontend.Console", "GWallet.Frontend.Console\GWallet.Frontend.Console-legacy.fsproj", "{8413EEF5-69F5-499F-AE01-754E9541EF90}"
EndProject
Global
	GlobalSection(SolutionConfigurationPlatforms) = preSolution
		Debug|Any CPU = Debug|Any CPU
		Release|Any CPU = Release|Any CPU
	EndGlobalSection
	GlobalSection(ProjectConfigurationPlatforms) = postSolution
		{949A9225-A1BE-4EDA-A1DA-04AC131CFE9B}.Debug|Any CPU.ActiveCfg = Debug|Any CPU
		{949A9225-A1BE-4EDA-A1DA-04AC131CFE9B}.Debug|Any CPU.Build.0 = Debug|Any CPU
		{949A9225-A1BE-4EDA-A1DA-04AC131CFE9B}.Release|Any CPU.ActiveCfg = Release|Any CPU
		{949A9225-A1BE-4EDA-A1DA-04AC131CFE9B}.Release|Any CPU.Build.0 = Release|Any CPU
		{2C7A1A49-CAD1-4961-866A-D32868AE7D18}.Debug|Any CPU.ActiveCfg = Debug|Any CPU
		{2C7A1A49-CAD1-4961-866A-D32868AE7D18}.Debug|Any CPU.Build.0 = Debug|Any CPU
		{2C7A1A49-CAD1-4961-866A-D32868AE7D18}.Release|Any CPU.ActiveCfg = Release|Any CPU
		{2C7A1A49-CAD1-4961-866A-D32868AE7D18}.Release|Any CPU.Build.0 = Release|Any CPU
		{578E4F5E-A33D-4C04-BD6C-22B48B789F36}.Debug|Any CPU.ActiveCfg = Debug|Any CPU
		{578E4F5E-A33D-4C04-BD6C-22B48B789F36}.Debug|Any CPU.Build.0 = Debug|Any CPU
		{578E4F5E-A33D-4C04-BD6C-22B48B789F36}.Release|Any CPU.ActiveCfg = Release|Any CPU
		{578E4F5E-A33D-4C04-BD6C-22B48B789F36}.Release|Any CPU.Build.0 = Release|Any CPU
		{96F9B3E5-11F8-4F5F-AADC-51D0D995B3D2}.Debug|Any CPU.ActiveCfg = Debug|Any CPU
		{96F9B3E5-11F8-4F5F-AADC-51D0D995B3D2}.Debug|Any CPU.Build.0 = Debug|Any CPU
		{96F9B3E5-11F8-4F5F-AADC-51D0D995B3D2}.Release|Any CPU.ActiveCfg = Release|Any CPU
		{96F9B3E5-11F8-4F5F-AADC-51D0D995B3D2}.Release|Any CPU.Build.0 = Release|Any CPU
		{F9448076-88BE-4045-8704-A652D133E036}.Debug|Any CPU.ActiveCfg = Debug|Any CPU
		{F9448076-88BE-4045-8704-A652D133E036}.Debug|Any CPU.Build.0 = Debug|Any CPU
		{F9448076-88BE-4045-8704-A652D133E036}.Release|Any CPU.ActiveCfg = Release|Any CPU
		{F9448076-88BE-4045-8704-A652D133E036}.Release|Any CPU.Build.0 = Release|Any CPU
		{8413EEF5-69F5-499F-AE01-754E9541EF90}.Debug|Any CPU.ActiveCfg = Debug|Any CPU
		{8413EEF5-69F5-499F-AE01-754E9541EF90}.Debug|Any CPU.Build.0 = Debug|Any CPU
		{8413EEF5-69F5-499F-AE01-754E9541EF90}.Release|Any CPU.ActiveCfg = Release|Any CPU
		{8413EEF5-69F5-499F-AE01-754E9541EF90}.Release|Any CPU.Build.0 = Release|Any CPU
	EndGlobalSection
EndGlobal
