
Microsoft Visual Studio Solution File, Format Version 12.00
# Visual Studio 14
VisualStudioVersion = 14.0.25123.0
MinimumVisualStudioVersion = 10.0.40219.1
Project("{F2A71F9B-5D33-465A-A702-920D77279786}") = "GWallet.Backend", "GWallet.Backend\GWallet.Backend.fsproj", "{96F9B3E5-11F8-4F5F-AADC-51D0D995B3D2}"
EndProject
Project("{F2A71F9B-5D33-465A-A702-920D77279786}") = "GWallet.Frontend.Console", "GWallet.Frontend.Console\GWallet.Frontend.Console.fsproj", "{8413EEF5-69F5-499F-AE01-754E9541EF90}"
EndProject
Project("{F2A71F9B-5D33-465A-A702-920D77279786}") = "GWallet.Backend.Tests", "GWallet.Backend.Tests\GWallet.Backend.Tests.fsproj", "{F9448076-88BE-4045-8704-A652D133E036}"
EndProject
Project("{F2A71F9B-5D33-465A-A702-920D77279786}") = "GWallet.Frontend.ConsoleApp", "GWallet.Frontend.ConsoleApp\GWallet.Frontend.ConsoleApp.fsproj", "{D6930200-4CAE-4D51-85CE-5E15CB6805D1}"
EndProject
Global
	GlobalSection(SolutionConfigurationPlatforms) = preSolution
		Debug|Any CPU = Debug|Any CPU
		Release|Any CPU = Release|Any CPU
	EndGlobalSection
	GlobalSection(ProjectConfigurationPlatforms) = postSolution
		{96F9B3E5-11F8-4F5F-AADC-51D0D995B3D2}.Debug|Any CPU.ActiveCfg = Debug|Any CPU
		{96F9B3E5-11F8-4F5F-AADC-51D0D995B3D2}.Debug|Any CPU.Build.0 = Debug|Any CPU
		{96F9B3E5-11F8-4F5F-AADC-51D0D995B3D2}.Release|Any CPU.ActiveCfg = Release|Any CPU
		{96F9B3E5-11F8-4F5F-AADC-51D0D995B3D2}.Release|Any CPU.Build.0 = Release|Any CPU
		{8413EEF5-69F5-499F-AE01-754E9541EF90}.Debug|Any CPU.ActiveCfg = Debug|Any CPU
		{8413EEF5-69F5-499F-AE01-754E9541EF90}.Debug|Any CPU.Build.0 = Debug|Any CPU
		{8413EEF5-69F5-499F-AE01-754E9541EF90}.Release|Any CPU.ActiveCfg = Release|Any CPU
		{8413EEF5-69F5-499F-AE01-754E9541EF90}.Release|Any CPU.Build.0 = Release|Any CPU
		{F9448076-88BE-4045-8704-A652D133E036}.Debug|Any CPU.ActiveCfg = Debug|Any CPU
		{F9448076-88BE-4045-8704-A652D133E036}.Debug|Any CPU.Build.0 = Debug|Any CPU
		{F9448076-88BE-4045-8704-A652D133E036}.Release|Any CPU.ActiveCfg = Release|Any CPU
		{F9448076-88BE-4045-8704-A652D133E036}.Release|Any CPU.Build.0 = Release|Any CPU
		{D6930200-4CAE-4D51-85CE-5E15CB6805D1}.Debug|Any CPU.ActiveCfg = Debug|Any CPU
		{D6930200-4CAE-4D51-85CE-5E15CB6805D1}.Debug|Any CPU.Build.0 = Debug|Any CPU
		{D6930200-4CAE-4D51-85CE-5E15CB6805D1}.Release|Any CPU.ActiveCfg = Release|Any CPU
		{D6930200-4CAE-4D51-85CE-5E15CB6805D1}.Release|Any CPU.Build.0 = Release|Any CPU
	EndGlobalSection
	GlobalSection(SolutionProperties) = preSolution
		HideSolutionNode = FALSE
	EndGlobalSection
EndGlobal
